// !$*UTF8*$!
{
	archiveVersion = 1;
	classes = {
	};
	objectVersion = 46;
	objects = {

/* Begin PBXBuildFile section */
		286C65341DDE7EE5006CF32B /* AppDelegate.m in Sources */ = {isa = PBXBuildFile; fileRef = 286C65311DDE7EE5006CF32B /* AppDelegate.m */; };
		286C65351DDE7EE5006CF32B /* ViewController.m in Sources */ = {isa = PBXBuildFile; fileRef = 286C65331DDE7EE5006CF32B /* ViewController.m */; };
		286C65371DDE7EF1006CF32B /* Assets.xcassets in Resources */ = {isa = PBXBuildFile; fileRef = 286C65361DDE7EF1006CF32B /* Assets.xcassets */; };
		286C65391DDE7EFC006CF32B /* main.m in Sources */ = {isa = PBXBuildFile; fileRef = 286C65381DDE7EFC006CF32B /* main.m */; };
		286C65441DDE7F30006CF32B /* MMPlayingAnimationView.m in Sources */ = {isa = PBXBuildFile; fileRef = 286C65431DDE7F30006CF32B /* MMPlayingAnimationView.m */; };
		286C65451DDE7F97006CF32B /* LaunchScreen.storyboard in Resources */ = {isa = PBXBuildFile; fileRef = 286C653B1DDE7F25006CF32B /* LaunchScreen.storyboard */; };
		286C65461DDE7F97006CF32B /* Main.storyboard in Resources */ = {isa = PBXBuildFile; fileRef = 286C653D1DDE7F25006CF32B /* Main.storyboard */; };
/* End PBXBuildFile section */

/* Begin PBXFileReference section */
		2802857F1DD58FDE00EA665A /* MMPlayingAnimationView.app */ = {isa = PBXFileReference; explicitFileType = wrapper.application; includeInIndex = 0; path = MMPlayingAnimationView.app; sourceTree = BUILT_PRODUCTS_DIR; };
		286C652E1DDE7EDB006CF32B /* Info.plist */ = {isa = PBXFileReference; fileEncoding = 4; lastKnownFileType = text.plist.xml; name = Info.plist; path = MMPlayingAnimationView/Info.plist; sourceTree = SOURCE_ROOT; };
		286C65301DDE7EE5006CF32B /* AppDelegate.h */ = {isa = PBXFileReference; fileEncoding = 4; lastKnownFileType = sourcecode.c.h; name = AppDelegate.h; path = MMPlayingAnimationView/AppDelegate.h; sourceTree = SOURCE_ROOT; };
		286C65311DDE7EE5006CF32B /* AppDelegate.m */ = {isa = PBXFileReference; fileEncoding = 4; lastKnownFileType = sourcecode.c.objc; name = AppDelegate.m; path = MMPlayingAnimationView/AppDelegate.m; sourceTree = SOURCE_ROOT; };
		286C65321DDE7EE5006CF32B /* ViewController.h */ = {isa = PBXFileReference; fileEncoding = 4; lastKnownFileType = sourcecode.c.h; name = ViewController.h; path = MMPlayingAnimationView/ViewController.h; sourceTree = SOURCE_ROOT; };
		286C65331DDE7EE5006CF32B /* ViewController.m */ = {isa = PBXFileReference; fileEncoding = 4; lastKnownFileType = sourcecode.c.objc; name = ViewController.m; path = MMPlayingAnimationView/ViewController.m; sourceTree = SOURCE_ROOT; };
		286C65361DDE7EF1006CF32B /* Assets.xcassets */ = {isa = PBXFileReference; lastKnownFileType = folder.assetcatalog; name = Assets.xcassets; path = MMPlayingAnimationView/Assets.xcassets; sourceTree = SOURCE_ROOT; };
		286C65381DDE7EFC006CF32B /* main.m */ = {isa = PBXFileReference; fileEncoding = 4; lastKnownFileType = sourcecode.c.objc; name = main.m; path = MMPlayingAnimationView/main.m; sourceTree = SOURCE_ROOT; };
		286C653C1DDE7F25006CF32B /* Base */ = {isa = PBXFileReference; lastKnownFileType = file.storyboard; name = Base; path = LaunchScreen.storyboard; sourceTree = "<group>"; };
		286C653E1DDE7F25006CF32B /* Base */ = {isa = PBXFileReference; lastKnownFileType = file.storyboard; name = Base; path = Main.storyboard; sourceTree = "<group>"; };
		286C65421DDE7F30006CF32B /* MMPlayingAnimationView.h */ = {isa = PBXFileReference; fileEncoding = 4; lastKnownFileType = sourcecode.c.h; path = MMPlayingAnimationView.h; sourceTree = "<group>"; };
		286C65431DDE7F30006CF32B /* MMPlayingAnimationView.m */ = {isa = PBXFileReference; fileEncoding = 4; lastKnownFileType = sourcecode.c.objc; path = MMPlayingAnimationView.m; sourceTree = "<group>"; };
/* End PBXFileReference section */

/* Begin PBXFrameworksBuildPhase section */
		2802857C1DD58FDE00EA665A /* Frameworks */ = {
			isa = PBXFrameworksBuildPhase;
			buildActionMask = 2147483647;
			files = (
			);
			runOnlyForDeploymentPostprocessing = 0;
		};
/* End PBXFrameworksBuildPhase section */

/* Begin PBXGroup section */
		280285761DD58FDE00EA665A = {
			isa = PBXGroup;
			children = (
				280285811DD58FDE00EA665A /* MMPlayingAnimationView */,
				280285801DD58FDE00EA665A /* Products */,
			);
			sourceTree = "<group>";
		};
		280285801DD58FDE00EA665A /* Products */ = {
			isa = PBXGroup;
			children = (
				2802857F1DD58FDE00EA665A /* MMPlayingAnimationView.app */,
			);
			name = Products;
			sourceTree = "<group>";
		};
		280285811DD58FDE00EA665A /* MMPlayingAnimationView */ = {
			isa = PBXGroup;
			children = (
				286C65361DDE7EF1006CF32B /* Assets.xcassets */,
				286C653A1DDE7F25006CF32B /* Base.lproj */,
				286C65301DDE7EE5006CF32B /* AppDelegate.h */,
				286C65311DDE7EE5006CF32B /* AppDelegate.m */,
				286C65321DDE7EE5006CF32B /* ViewController.h */,
				286C65331DDE7EE5006CF32B /* ViewController.m */,
				286C652E1DDE7EDB006CF32B /* Info.plist */,
				286C65411DDE7F30006CF32B /* MMPlayingAnimationView */,
				280285821DD58FDE00EA665A /* Supporting Files */,
			);
			name = MMPlayingAnimationView;
			path = PlayingAnimationView;
			sourceTree = "<group>";
		};
		280285821DD58FDE00EA665A /* Supporting Files */ = {
			isa = PBXGroup;
			children = (
				286C65381DDE7EFC006CF32B /* main.m */,
			);
			name = "Supporting Files";
			sourceTree = "<group>";
		};
		286C653A1DDE7F25006CF32B /* Base.lproj */ = {
			isa = PBXGroup;
			children = (
				286C653B1DDE7F25006CF32B /* LaunchScreen.storyboard */,
				286C653D1DDE7F25006CF32B /* Main.storyboard */,
			);
			name = Base.lproj;
			path = MMPlayingAnimationView/Base.lproj;
			sourceTree = SOURCE_ROOT;
		};
		286C65411DDE7F30006CF32B /* MMPlayingAnimationView */ = {
			isa = PBXGroup;
			children = (
				286C65421DDE7F30006CF32B /* MMPlayingAnimationView.h */,
				286C65431DDE7F30006CF32B /* MMPlayingAnimationView.m */,
			);
			name = MMPlayingAnimationView;
			path = MMPlayingAnimationView/MMPlayingAnimationView;
			sourceTree = SOURCE_ROOT;
		};
/* End PBXGroup section */

/* Begin PBXNativeTarget section */
		2802857E1DD58FDE00EA665A /* MMPlayingAnimationView */ = {
			isa = PBXNativeTarget;
			buildConfigurationList = 280285961DD58FDE00EA665A /* Build configuration list for PBXNativeTarget "MMPlayingAnimationView" */;
			buildPhases = (
				2802857B1DD58FDE00EA665A /* Sources */,
				2802857C1DD58FDE00EA665A /* Frameworks */,
				2802857D1DD58FDE00EA665A /* Resources */,
			);
			buildRules = (
			);
			dependencies = (
			);
			name = MMPlayingAnimationView;
			productName = PlayingAnimationView;
			productReference = 2802857F1DD58FDE00EA665A /* MMPlayingAnimationView.app */;
			productType = "com.apple.product-type.application";
		};
/* End PBXNativeTarget section */

/* Begin PBXProject section */
		280285771DD58FDE00EA665A /* Project object */ = {
			isa = PBXProject;
			attributes = {
				LastUpgradeCheck = 0810;
				ORGANIZATIONNAME = "magnet-magic";
				TargetAttributes = {
					2802857E1DD58FDE00EA665A = {
						CreatedOnToolsVersion = 8.1;
						ProvisioningStyle = Automatic;
					};
				};
			};
			buildConfigurationList = 2802857A1DD58FDE00EA665A /* Build configuration list for PBXProject "MMPlayingAnimationView" */;
			compatibilityVersion = "Xcode 3.2";
			developmentRegion = English;
			hasScannedForEncodings = 0;
			knownRegions = (
				en,
				Base,
			);
			mainGroup = 280285761DD58FDE00EA665A;
			productRefGroup = 280285801DD58FDE00EA665A /* Products */;
			projectDirPath = "";
			projectRoot = "";
			targets = (
				2802857E1DD58FDE00EA665A /* MMPlayingAnimationView */,
			);
		};
/* End PBXProject section */

/* Begin PBXResourcesBuildPhase section */
		2802857D1DD58FDE00EA665A /* Resources */ = {
			isa = PBXResourcesBuildPhase;
			buildActionMask = 2147483647;
			files = (
				286C65451DDE7F97006CF32B /* LaunchScreen.storyboard in Resources */,
				286C65461DDE7F97006CF32B /* Main.storyboard in Resources */,
				286C65371DDE7EF1006CF32B /* Assets.xcassets in Resources */,
			);
			runOnlyForDeploymentPostprocessing = 0;
		};
/* End PBXResourcesBuildPhase section */

/* Begin PBXSourcesBuildPhase section */
		2802857B1DD58FDE00EA665A /* Sources */ = {
			isa = PBXSourcesBuildPhase;
			buildActionMask = 2147483647;
			files = (
				286C65441DDE7F30006CF32B /* MMPlayingAnimationView.m in Sources */,
				286C65351DDE7EE5006CF32B /* ViewController.m in Sources */,
				286C65391DDE7EFC006CF32B /* main.m in Sources */,
				286C65341DDE7EE5006CF32B /* AppDelegate.m in Sources */,
			);
			runOnlyForDeploymentPostprocessing = 0;
		};
/* End PBXSourcesBuildPhase section */

/* Begin PBXVariantGroup section */
		286C653B1DDE7F25006CF32B /* LaunchScreen.storyboard */ = {
			isa = PBXVariantGroup;
			children = (
				286C653C1DDE7F25006CF32B /* Base */,
			);
			name = LaunchScreen.storyboard;
			sourceTree = "<group>";
		};
		286C653D1DDE7F25006CF32B /* Main.storyboard */ = {
			isa = PBXVariantGroup;
			children = (
				286C653E1DDE7F25006CF32B /* Base */,
			);
			name = Main.storyboard;
			sourceTree = "<group>";
		};
/* End PBXVariantGroup section */

/* Begin XCBuildConfiguration section */
		280285941DD58FDE00EA665A /* Debug */ = {
			isa = XCBuildConfiguration;
			buildSettings = {
				ALWAYS_SEARCH_USER_PATHS = NO;
				CLANG_ANALYZER_NONNULL = YES;
				CLANG_CXX_LANGUAGE_STANDARD = "gnu++0x";
				CLANG_CXX_LIBRARY = "libc++";
				CLANG_ENABLE_MODULES = YES;
				CLANG_ENABLE_OBJC_ARC = YES;
				CLANG_WARN_BOOL_CONVERSION = YES;
				CLANG_WARN_CONSTANT_CONVERSION = YES;
				CLANG_WARN_DIRECT_OBJC_ISA_USAGE = YES_ERROR;
				CLANG_WARN_DOCUMENTATION_COMMENTS = YES;
				CLANG_WARN_EMPTY_BODY = YES;
				CLANG_WARN_ENUM_CONVERSION = YES;
				CLANG_WARN_INFINITE_RECURSION = YES;
				CLANG_WARN_INT_CONVERSION = YES;
				CLANG_WARN_OBJC_ROOT_CLASS = YES_ERROR;
				CLANG_WARN_SUSPICIOUS_MOVES = YES;
				CLANG_WARN_UNREACHABLE_CODE = YES;
				CLANG_WARN__DUPLICATE_METHOD_MATCH = YES;
				"CODE_SIGN_IDENTITY[sdk=iphoneos*]" = "iPhone Developer";
				COPY_PHASE_STRIP = NO;
				DEBUG_INFORMATION_FORMAT = dwarf;
				ENABLE_STRICT_OBJC_MSGSEND = YES;
				ENABLE_TESTABILITY = YES;
				GCC_C_LANGUAGE_STANDARD = gnu99;
				GCC_DYNAMIC_NO_PIC = NO;
				GCC_NO_COMMON_BLOCKS = YES;
				GCC_OPTIMIZATION_LEVEL = 0;
				GCC_PREPROCESSOR_DEFINITIONS = (
					"DEBUG=1",
					"$(inherited)",
				);
				GCC_WARN_64_TO_32_BIT_CONVERSION = YES;
				GCC_WARN_ABOUT_RETURN_TYPE = YES_ERROR;
				GCC_WARN_UNDECLARED_SELECTOR = YES;
				GCC_WARN_UNINITIALIZED_AUTOS = YES_AGGRESSIVE;
				GCC_WARN_UNUSED_FUNCTION = YES;
				GCC_WARN_UNUSED_VARIABLE = YES;
				IPHONEOS_DEPLOYMENT_TARGET = 10.1;
				MTL_ENABLE_DEBUG_INFO = YES;
				ONLY_ACTIVE_ARCH = YES;
				SDKROOT = iphoneos;
			};
			name = Debug;
		};
		280285951DD58FDE00EA665A /* Release */ = {
			isa = XCBuildConfiguration;
			buildSettings = {
				ALWAYS_SEARCH_USER_PATHS = NO;
				CLANG_ANALYZER_NONNULL = YES;
				CLANG_CXX_LANGUAGE_STANDARD = "gnu++0x";
				CLANG_CXX_LIBRARY = "libc++";
				CLANG_ENABLE_MODULES = YES;
				CLANG_ENABLE_OBJC_ARC = YES;
				CLANG_WARN_BOOL_CONVERSION = YES;
				CLANG_WARN_CONSTANT_CONVERSION = YES;
				CLANG_WARN_DIRECT_OBJC_ISA_USAGE = YES_ERROR;
				CLANG_WARN_DOCUMENTATION_COMMENTS = YES;
				CLANG_WARN_EMPTY_BODY = YES;
				CLANG_WARN_ENUM_CONVERSION = YES;
				CLANG_WARN_INFINITE_RECURSION = YES;
				CLANG_WARN_INT_CONVERSION = YES;
				CLANG_WARN_OBJC_ROOT_CLASS = YES_ERROR;
				CLANG_WARN_SUSPICIOUS_MOVES = YES;
				CLANG_WARN_UNREACHABLE_CODE = YES;
				CLANG_WARN__DUPLICATE_METHOD_MATCH = YES;
				"CODE_SIGN_IDENTITY[sdk=iphoneos*]" = "iPhone Developer";
				COPY_PHASE_STRIP = NO;
				DEBUG_INFORMATION_FORMAT = "dwarf-with-dsym";
				ENABLE_NS_ASSERTIONS = NO;
				ENABLE_STRICT_OBJC_MSGSEND = YES;
				GCC_C_LANGUAGE_STANDARD = gnu99;
				GCC_NO_COMMON_BLOCKS = YES;
				GCC_WARN_64_TO_32_BIT_CONVERSION = YES;
				GCC_WARN_ABOUT_RETURN_TYPE = YES_ERROR;
				GCC_WARN_UNDECLARED_SELECTOR = YES;
				GCC_WARN_UNINITIALIZED_AUTOS = YES_AGGRESSIVE;
				GCC_WARN_UNUSED_FUNCTION = YES;
				GCC_WARN_UNUSED_VARIABLE = YES;
				IPHONEOS_DEPLOYMENT_TARGET = 10.1;
				MTL_ENABLE_DEBUG_INFO = NO;
				SDKROOT = iphoneos;
				VALIDATE_PRODUCT = YES;
			};
			name = Release;
		};
		280285971DD58FDE00EA665A /* Debug */ = {
			isa = XCBuildConfiguration;
			buildSettings = {
				ASSETCATALOG_COMPILER_APPICON_NAME = AppIcon;
				INFOPLIST_FILE = MMPlayingAnimationView/Info.plist;
				IPHONEOS_DEPLOYMENT_TARGET = 8.2;
				LD_RUNPATH_SEARCH_PATHS = "$(inherited) @executable_path/Frameworks";
				PRODUCT_BUNDLE_IDENTIFIER = "com.magnet-magic.PlayingAnimationView";
				PRODUCT_NAME = "$(TARGET_NAME)";
			};
			name = Debug;
		};
		280285981DD58FDE00EA665A /* Release */ = {
			isa = XCBuildConfiguration;
			buildSettings = {
				ASSETCATALOG_COMPILER_APPICON_NAME = AppIcon;
				INFOPLIST_FILE = MMPlayingAnimationView/Info.plist;
				IPHONEOS_DEPLOYMENT_TARGET = 8.2;
				LD_RUNPATH_SEARCH_PATHS = "$(inherited) @executable_path/Frameworks";
				PRODUCT_BUNDLE_IDENTIFIER = "com.magnet-magic.PlayingAnimationView";
				PRODUCT_NAME = "$(TARGET_NAME)";
			};
			name = Release;
		};
/* End XCBuildConfiguration section */

/* Begin XCConfigurationList section */
		2802857A1DD58FDE00EA665A /* Build configuration list for PBXProject "MMPlayingAnimationView" */ = {
			isa = XCConfigurationList;
			buildConfigurations = (
				280285941DD58FDE00EA665A /* Debug */,
				280285951DD58FDE00EA665A /* Release */,
			);
			defaultConfigurationIsVisible = 0;
			defaultConfigurationName = Release;
		};
		280285961DD58FDE00EA665A /* Build configuration list for PBXNativeTarget "MMPlayingAnimationView" */ = {
			isa = XCConfigurationList;
			buildConfigurations = (
				280285971DD58FDE00EA665A /* Debug */,
				280285981DD58FDE00EA665A /* Release */,
			);
			defaultConfigurationIsVisible = 0;
			defaultConfigurationName = Release;
		};
/* End XCConfigurationList section */
	};
	rootObject = 280285771DD58FDE00EA665A /* Project object */;
}
